{
  "name": "pa-mod-build-tools",
  "version": "0.0.0",
  "lockfileVersion": 3,
  "requires": true,
  "packages": {
    "": {
      "name": "pa-mod-build-tools",
      "version": "0.0.0",
      "license": "MIT",
      "dependencies": {
        "ignore": "^7.0.8"
      },
      "bin": {
        "pa-mod-build": "src/publish.js"
      },
      "engines": {
        "node": ">=20"
      }
    },
    "node_modules/ignore": {
      "version": "7.0.8",
      "resolved": "https://registry.npmjs.org/ignore/-/ignore-7.0.8.tgz",
      "integrity": "sha512-YYNsSlXBjMk92SKnkwvB5LOVSa6OznlFUGcsvrFgNJbJCd0M1XKeFVRc8ZByeCqz32FivYNHJVooLmdqrmvp/Q==",
      "license": "MIT",
      "engines": {
        "node": ">= 4"
      }
    }
  }
}
