{
  "name": "pa-mod-build-tools",
  "version": "0.0.0",
  "lockfileVersion": 3,
  "requires": true,
  "packages": {
    "": {
      "name": "pa-mod-build-tools",
      "version": "0.0.0",
      "license": "MIT",
      "dependencies": {
        "ignore": "^7.0.0"
      },
      "bin": {
        "pa-mod-build": "src/publish.js"
      },
      "engines": {
        "node": ">=20"
      }
    },
    "node_modules/ignore": {
      "version": "7.0.6",
      "resolved": "https://registry.npmjs.org/ignore/-/ignore-7.0.6.tgz",
      "integrity": "sha512-BAg6QkE8W+TuQLrrw0Ugr7HegXduRuuj8/ti2kSOc+jz1dmx8/WNcjr6XGnq5YpDWxFwwaavqD0+jIUOKelTsw==",
      "license": "MIT",
      "engines": {
        "node": ">= 4"
      }
    }
  }
}
